
Microsoft Visual Studio Solution File, Format Version 12.00
# Visual Studio 2012
Project("{FAE04EC0-301F-11D3-BF4B-00C04F79EFBC}") = "Pk2_RSVPwapp", "Pk2_RSVPwapp\Pk2_RSVPwapp.csproj", "{09E3F73C-847D-49E8-AC71-1325225EEF08}"
EndProject
Global
	GlobalSection(SolutionConfigurationPlatforms) = preSolution
		Debug|Any CPU = Debug|Any CPU
		Release|Any CPU = Release|Any CPU
	EndGlobalSection
	GlobalSection(ProjectConfigurationPlatforms) = postSolution
		{09E3F73C-847D-49E8-AC71-1325225EEF08}.Debug|Any CPU.ActiveCfg = Debug|Any CPU
		{09E3F73C-847D-49E8-AC71-1325225EEF08}.Debug|Any CPU.Build.0 = Debug|Any CPU
		{09E3F73C-847D-49E8-AC71-1325225EEF08}.Release|Any CPU.ActiveCfg = Release|Any CPU
		{09E3F73C-847D-49E8-AC71-1325225EEF08}.Release|Any CPU.Build.0 = Release|Any CPU
	EndGlobalSection
	GlobalSection(SolutionProperties) = preSolution
		HideSolutionNode = FALSE
	EndGlobalSection
EndGlobal
