
Microsoft Visual Studio Solution File, Format Version 12.00
# Visual Studio 2012
Project("{FAE04EC0-301F-11D3-BF4B-00C04F79EFBC}") = "Pk0_EmptyWeb", "Pk0_EmptyWeb\Pk0_EmptyWeb.csproj", "{FD355876-C027-49CA-8726-67EED3B8BF32}"
EndProject
Global
	GlobalSection(SolutionConfigurationPlatforms) = preSolution
		Debug|Any CPU = Debug|Any CPU
		Release|Any CPU = Release|Any CPU
	EndGlobalSection
	GlobalSection(ProjectConfigurationPlatforms) = postSolution
		{FD355876-C027-49CA-8726-67EED3B8BF32}.Debug|Any CPU.ActiveCfg = Debug|Any CPU
		{FD355876-C027-49CA-8726-67EED3B8BF32}.Debug|Any CPU.Build.0 = Debug|Any CPU
		{FD355876-C027-49CA-8726-67EED3B8BF32}.Release|Any CPU.ActiveCfg = Release|Any CPU
		{FD355876-C027-49CA-8726-67EED3B8BF32}.Release|Any CPU.Build.0 = Release|Any CPU
	EndGlobalSection
	GlobalSection(SolutionProperties) = preSolution
		HideSolutionNode = FALSE
	EndGlobalSection
EndGlobal
